
Microsoft Visual Studio Solution File, Format Version 12.00
# Visual Studio Version 17
VisualStudioVersion = 17.9.34728.123
MinimumVisualStudioVersion = 10.0.40219.1
Project("{FAE04EC0-301F-11D3-BF4B-00C04F79EFBC}") = "ConsoleApp_framework", "ConsoleApp_framework\ConsoleApp_framework.csproj", "{370B3F1F-BCD1-4718-8FF6-176C357F317F}"
EndProject
Project("{FAE04EC0-301F-11D3-BF4B-00C04F79EFBC}") = "Entity_CodeFirst_Employee", "Entity_CodeFirst_Employee\Entity_CodeFirst_Employee.csproj", "{8478B866-45BE-401E-8F36-D1FE7E2F9932}"
EndProject
Project("{9A19103F-16F7-4668-BE54-9A1E7A4F7556}") = "EmployeDbContext", "EmployeDbContext\EmployeDbContext.csproj", "{51016FD6-F670-4D5B-866C-D6F002E8E905}"
EndProject
Project("{9A19103F-16F7-4668-BE54-9A1E7A4F7556}") = "DotnetCoreHeroWebAPI", "DotnetCoreWebAPI\DotnetCoreHeroWebAPI.csproj", "{18AA889E-2943-4E89-811D-943492A61C34}"
EndProject
Project("{9A19103F-16F7-4668-BE54-9A1E7A4F7556}") = "EmployeeWebAPI", "EmployeeWebAPI\EmployeeWebAPI.csproj", "{2CCB0397-A6FF-467D-A120-9D9E70284481}"
EndProject
Project("{9A19103F-16F7-4668-BE54-9A1E7A4F7556}") = "Code_First_Approach_EF", "Code_First_Approach_EF\Code_First_Approach_EF.csproj", "{1AA5FED7-4A82-4569-8CFD-4F4A86015590}"
EndProject
Project("{9A19103F-16F7-4668-BE54-9A1E7A4F7556}") = "StudentPortalWebAPI", "StudentWebAPI\StudentPortalWebAPI.csproj", "{0A69A3CE-FB31-40C4-BF69-C9308D380F32}"
EndProject
Project("{9A19103F-16F7-4668-BE54-9A1E7A4F7556}") = "Product_MVC_Project", "Product_MVC_Project\Product_MVC_Project.csproj", "{C9991074-36E3-4F7D-8D57-2AA104EAFDF3}"
EndProject
Project("{9A19103F-16F7-4668-BE54-9A1E7A4F7556}") = "AuthWebAPI", "AuthWebAPI\AuthWebAPI.csproj", "{72D61F97-E00E-4CBB-AB57-962808C0C343}"
EndProject
Project("{9A19103F-16F7-4668-BE54-9A1E7A4F7556}") = "StateManagement", "StateManagement\StateManagement.csproj", "{1370667C-04FC-4EE7-B2DE-84C16F68A6F2}"
EndProject
Project("{9A19103F-16F7-4668-BE54-9A1E7A4F7556}") = "Post_CommentWebAPI", "Post_CommentWebAPI\Post_CommentWebAPI.csproj", "{E4E854DF-7BAD-46BD-8DE3-8DFBBA13F3E3}"
EndProject
Global
	GlobalSection(SolutionConfigurationPlatforms) = preSolution
		Debug|Any CPU = Debug|Any CPU
		Debug|x64 = Debug|x64
		Debug|x86 = Debug|x86
		Release|Any CPU = Release|Any CPU
		Release|x64 = Release|x64
		Release|x86 = Release|x86
	EndGlobalSection
	GlobalSection(ProjectConfigurationPlatforms) = postSolution
		{370B3F1F-BCD1-4718-8FF6-176C357F317F}.Debug|Any CPU.ActiveCfg = Debug|Any CPU
		{370B3F1F-BCD1-4718-8FF6-176C357F317F}.Debug|Any CPU.Build.0 = Debug|Any CPU
		{370B3F1F-BCD1-4718-8FF6-176C357F317F}.Debug|x64.ActiveCfg = Debug|Any CPU
		{370B3F1F-BCD1-4718-8FF6-176C357F317F}.Debug|x64.Build.0 = Debug|Any CPU
		{370B3F1F-BCD1-4718-8FF6-176C357F317F}.Debug|x86.ActiveCfg = Debug|Any CPU
		{370B3F1F-BCD1-4718-8FF6-176C357F317F}.Debug|x86.Build.0 = Debug|Any CPU
		{370B3F1F-BCD1-4718-8FF6-176C357F317F}.Release|Any CPU.ActiveCfg = Release|Any CPU
		{370B3F1F-BCD1-4718-8FF6-176C357F317F}.Release|Any CPU.Build.0 = Release|Any CPU
		{370B3F1F-BCD1-4718-8FF6-176C357F317F}.Release|x64.ActiveCfg = Release|Any CPU
		{370B3F1F-BCD1-4718-8FF6-176C357F317F}.Release|x64.Build.0 = Release|Any CPU
		{370B3F1F-BCD1-4718-8FF6-176C357F317F}.Release|x86.ActiveCfg = Release|Any CPU
		{370B3F1F-BCD1-4718-8FF6-176C357F317F}.Release|x86.Build.0 = Release|Any CPU
		{8478B866-45BE-401E-8F36-D1FE7E2F9932}.Debug|Any CPU.ActiveCfg = Debug|Any CPU
		{8478B866-45BE-401E-8F36-D1FE7E2F9932}.Debug|Any CPU.Build.0 = Debug|Any CPU
		{8478B866-45BE-401E-8F36-D1FE7E2F9932}.Debug|x64.ActiveCfg = Debug|Any CPU
		{8478B866-45BE-401E-8F36-D1FE7E2F9932}.Debug|x64.Build.0 = Debug|Any CPU
		{8478B866-45BE-401E-8F36-D1FE7E2F9932}.Debug|x86.ActiveCfg = Debug|Any CPU
		{8478B866-45BE-401E-8F36-D1FE7E2F9932}.Debug|x86.Build.0 = Debug|Any CPU
		{8478B866-45BE-401E-8F36-D1FE7E2F9932}.Release|Any CPU.ActiveCfg = Release|Any CPU
		{8478B866-45BE-401E-8F36-D1FE7E2F9932}.Release|Any CPU.Build.0 = Release|Any CPU
		{8478B866-45BE-401E-8F36-D1FE7E2F9932}.Release|x64.ActiveCfg = Release|Any CPU
		{8478B866-45BE-401E-8F36-D1FE7E2F9932}.Release|x64.Build.0 = Release|Any CPU
		{8478B866-45BE-401E-8F36-D1FE7E2F9932}.Release|x86.ActiveCfg = Release|Any CPU
		{8478B866-45BE-401E-8F36-D1FE7E2F9932}.Release|x86.Build.0 = Release|Any CPU
		{51016FD6-F670-4D5B-866C-D6F002E8E905}.Debug|Any CPU.ActiveCfg = Debug|Any CPU
		{51016FD6-F670-4D5B-866C-D6F002E8E905}.Debug|Any CPU.Build.0 = Debug|Any CPU
		{51016FD6-F670-4D5B-866C-D6F002E8E905}.Debug|x64.ActiveCfg = Debug|Any CPU
		{51016FD6-F670-4D5B-866C-D6F002E8E905}.Debug|x64.Build.0 = Debug|Any CPU
		{51016FD6-F670-4D5B-866C-D6F002E8E905}.Debug|x86.ActiveCfg = Debug|Any CPU
		{51016FD6-F670-4D5B-866C-D6F002E8E905}.Debug|x86.Build.0 = Debug|Any CPU
		{51016FD6-F670-4D5B-866C-D6F002E8E905}.Release|Any CPU.ActiveCfg = Release|Any CPU
		{51016FD6-F670-4D5B-866C-D6F002E8E905}.Release|Any CPU.Build.0 = Release|Any CPU
		{51016FD6-F670-4D5B-866C-D6F002E8E905}.Release|x64.ActiveCfg = Release|Any CPU
		{51016FD6-F670-4D5B-866C-D6F002E8E905}.Release|x64.Build.0 = Release|Any CPU
		{51016FD6-F670-4D5B-866C-D6F002E8E905}.Release|x86.ActiveCfg = Release|Any CPU
		{51016FD6-F670-4D5B-866C-D6F002E8E905}.Release|x86.Build.0 = Release|Any CPU
		{18AA889E-2943-4E89-811D-943492A61C34}.Debug|Any CPU.ActiveCfg = Debug|Any CPU
		{18AA889E-2943-4E89-811D-943492A61C34}.Debug|Any CPU.Build.0 = Debug|Any CPU
		{18AA889E-2943-4E89-811D-943492A61C34}.Debug|x64.ActiveCfg = Debug|Any CPU
		{18AA889E-2943-4E89-811D-943492A61C34}.Debug|x64.Build.0 = Debug|Any CPU
		{18AA889E-2943-4E89-811D-943492A61C34}.Debug|x86.ActiveCfg = Debug|Any CPU
		{18AA889E-2943-4E89-811D-943492A61C34}.Debug|x86.Build.0 = Debug|Any CPU
		{18AA889E-2943-4E89-811D-943492A61C34}.Release|Any CPU.ActiveCfg = Release|Any CPU
		{18AA889E-2943-4E89-811D-943492A61C34}.Release|Any CPU.Build.0 = Release|Any CPU
		{18AA889E-2943-4E89-811D-943492A61C34}.Release|x64.ActiveCfg = Release|Any CPU
		{18AA889E-2943-4E89-811D-943492A61C34}.Release|x64.Build.0 = Release|Any CPU
		{18AA889E-2943-4E89-811D-943492A61C34}.Release|x86.ActiveCfg = Release|Any CPU
		{18AA889E-2943-4E89-811D-943492A61C34}.Release|x86.Build.0 = Release|Any CPU
		{2CCB0397-A6FF-467D-A120-9D9E70284481}.Debug|Any CPU.ActiveCfg = Debug|Any CPU
		{2CCB0397-A6FF-467D-A120-9D9E70284481}.Debug|Any CPU.Build.0 = Debug|Any CPU
		{2CCB0397-A6FF-467D-A120-9D9E70284481}.Debug|x64.ActiveCfg = Debug|Any CPU
		{2CCB0397-A6FF-467D-A120-9D9E70284481}.Debug|x64.Build.0 = Debug|Any CPU
		{2CCB0397-A6FF-467D-A120-9D9E70284481}.Debug|x86.ActiveCfg = Debug|Any CPU
		{2CCB0397-A6FF-467D-A120-9D9E70284481}.Debug|x86.Build.0 = Debug|Any CPU
		{2CCB0397-A6FF-467D-A120-9D9E70284481}.Release|Any CPU.ActiveCfg = Release|Any CPU
		{2CCB0397-A6FF-467D-A120-9D9E70284481}.Release|Any CPU.Build.0 = Release|Any CPU
		{2CCB0397-A6FF-467D-A120-9D9E70284481}.Release|x64.ActiveCfg = Release|Any CPU
		{2CCB0397-A6FF-467D-A120-9D9E70284481}.Release|x64.Build.0 = Release|Any CPU
		{2CCB0397-A6FF-467D-A120-9D9E70284481}.Release|x86.ActiveCfg = Release|Any CPU
		{2CCB0397-A6FF-467D-A120-9D9E70284481}.Release|x86.Build.0 = Release|Any CPU
		{1AA5FED7-4A82-4569-8CFD-4F4A86015590}.Debug|Any CPU.ActiveCfg = Debug|Any CPU
		{1AA5FED7-4A82-4569-8CFD-4F4A86015590}.Debug|Any CPU.Build.0 = Debug|Any CPU
		{1AA5FED7-4A82-4569-8CFD-4F4A86015590}.Debug|x64.ActiveCfg = Debug|Any CPU
		{1AA5FED7-4A82-4569-8CFD-4F4A86015590}.Debug|x64.Build.0 = Debug|Any CPU
		{1AA5FED7-4A82-4569-8CFD-4F4A86015590}.Debug|x86.ActiveCfg = Debug|Any CPU
		{1AA5FED7-4A82-4569-8CFD-4F4A86015590}.Debug|x86.Build.0 = Debug|Any CPU
		{1AA5FED7-4A82-4569-8CFD-4F4A86015590}.Release|Any CPU.ActiveCfg = Release|Any CPU
		{1AA5FED7-4A82-4569-8CFD-4F4A86015590}.Release|Any CPU.Build.0 = Release|Any CPU
		{1AA5FED7-4A82-4569-8CFD-4F4A86015590}.Release|x64.ActiveCfg = Release|Any CPU
		{1AA5FED7-4A82-4569-8CFD-4F4A86015590}.Release|x64.Build.0 = Release|Any CPU
		{1AA5FED7-4A82-4569-8CFD-4F4A86015590}.Release|x86.ActiveCfg = Release|Any CPU
		{1AA5FED7-4A82-4569-8CFD-4F4A86015590}.Release|x86.Build.0 = Release|Any CPU
		{0A69A3CE-FB31-40C4-BF69-C9308D380F32}.Debug|Any CPU.ActiveCfg = Debug|Any CPU
		{0A69A3CE-FB31-40C4-BF69-C9308D380F32}.Debug|Any CPU.Build.0 = Debug|Any CPU
		{0A69A3CE-FB31-40C4-BF69-C9308D380F32}.Debug|x64.ActiveCfg = Debug|Any CPU
		{0A69A3CE-FB31-40C4-BF69-C9308D380F32}.Debug|x64.Build.0 = Debug|Any CPU
		{0A69A3CE-FB31-40C4-BF69-C9308D380F32}.Debug|x86.ActiveCfg = Debug|Any CPU
		{0A69A3CE-FB31-40C4-BF69-C9308D380F32}.Debug|x86.Build.0 = Debug|Any CPU
		{0A69A3CE-FB31-40C4-BF69-C9308D380F32}.Release|Any CPU.ActiveCfg = Release|Any CPU
		{0A69A3CE-FB31-40C4-BF69-C9308D380F32}.Release|Any CPU.Build.0 = Release|Any CPU
		{0A69A3CE-FB31-40C4-BF69-C9308D380F32}.Release|x64.ActiveCfg = Release|Any CPU
		{0A69A3CE-FB31-40C4-BF69-C9308D380F32}.Release|x64.Build.0 = Release|Any CPU
		{0A69A3CE-FB31-40C4-BF69-C9308D380F32}.Release|x86.ActiveCfg = Release|Any CPU
		{0A69A3CE-FB31-40C4-BF69-C9308D380F32}.Release|x86.Build.0 = Release|Any CPU
		{C9991074-36E3-4F7D-8D57-2AA104EAFDF3}.Debug|Any CPU.ActiveCfg = Debug|Any CPU
		{C9991074-36E3-4F7D-8D57-2AA104EAFDF3}.Debug|Any CPU.Build.0 = Debug|Any CPU
		{C9991074-36E3-4F7D-8D57-2AA104EAFDF3}.Debug|x64.ActiveCfg = Debug|Any CPU
		{C9991074-36E3-4F7D-8D57-2AA104EAFDF3}.Debug|x64.Build.0 = Debug|Any CPU
		{C9991074-36E3-4F7D-8D57-2AA104EAFDF3}.Debug|x86.ActiveCfg = Debug|Any CPU
		{C9991074-36E3-4F7D-8D57-2AA104EAFDF3}.Debug|x86.Build.0 = Debug|Any CPU
		{C9991074-36E3-4F7D-8D57-2AA104EAFDF3}.Release|Any CPU.ActiveCfg = Release|Any CPU
		{C9991074-36E3-4F7D-8D57-2AA104EAFDF3}.Release|Any CPU.Build.0 = Release|Any CPU
		{C9991074-36E3-4F7D-8D57-2AA104EAFDF3}.Release|x64.ActiveCfg = Release|Any CPU
		{C9991074-36E3-4F7D-8D57-2AA104EAFDF3}.Release|x64.Build.0 = Release|Any CPU
		{C9991074-36E3-4F7D-8D57-2AA104EAFDF3}.Release|x86.ActiveCfg = Release|Any CPU
		{C9991074-36E3-4F7D-8D57-2AA104EAFDF3}.Release|x86.Build.0 = Release|Any CPU
		{72D61F97-E00E-4CBB-AB57-962808C0C343}.Debug|Any CPU.ActiveCfg = Debug|Any CPU
		{72D61F97-E00E-4CBB-AB57-962808C0C343}.Debug|Any CPU.Build.0 = Debug|Any CPU
		{72D61F97-E00E-4CBB-AB57-962808C0C343}.Debug|x64.ActiveCfg = Debug|Any CPU
		{72D61F97-E00E-4CBB-AB57-962808C0C343}.Debug|x64.Build.0 = Debug|Any CPU
		{72D61F97-E00E-4CBB-AB57-962808C0C343}.Debug|x86.ActiveCfg = Debug|Any CPU
		{72D61F97-E00E-4CBB-AB57-962808C0C343}.Debug|x86.Build.0 = Debug|Any CPU
		{72D61F97-E00E-4CBB-AB57-962808C0C343}.Release|Any CPU.ActiveCfg = Release|Any CPU
		{72D61F97-E00E-4CBB-AB57-962808C0C343}.Release|Any CPU.Build.0 = Release|Any CPU
		{72D61F97-E00E-4CBB-AB57-962808C0C343}.Release|x64.ActiveCfg = Release|Any CPU
		{72D61F97-E00E-4CBB-AB57-962808C0C343}.Release|x64.Build.0 = Release|Any CPU
		{72D61F97-E00E-4CBB-AB57-962808C0C343}.Release|x86.ActiveCfg = Release|Any CPU
		{72D61F97-E00E-4CBB-AB57-962808C0C343}.Release|x86.Build.0 = Release|Any CPU
		{1370667C-04FC-4EE7-B2DE-84C16F68A6F2}.Debug|Any CPU.ActiveCfg = Debug|Any CPU
		{1370667C-04FC-4EE7-B2DE-84C16F68A6F2}.Debug|Any CPU.Build.0 = Debug|Any CPU
		{1370667C-04FC-4EE7-B2DE-84C16F68A6F2}.Debug|x64.ActiveCfg = Debug|Any CPU
		{1370667C-04FC-4EE7-B2DE-84C16F68A6F2}.Debug|x64.Build.0 = Debug|Any CPU
		{1370667C-04FC-4EE7-B2DE-84C16F68A6F2}.Debug|x86.ActiveCfg = Debug|Any CPU
		{1370667C-04FC-4EE7-B2DE-84C16F68A6F2}.Debug|x86.Build.0 = Debug|Any CPU
		{1370667C-04FC-4EE7-B2DE-84C16F68A6F2}.Release|Any CPU.ActiveCfg = Release|Any CPU
		{1370667C-04FC-4EE7-B2DE-84C16F68A6F2}.Release|Any CPU.Build.0 = Release|Any CPU
		{1370667C-04FC-4EE7-B2DE-84C16F68A6F2}.Release|x64.ActiveCfg = Release|Any CPU
		{1370667C-04FC-4EE7-B2DE-84C16F68A6F2}.Release|x64.Build.0 = Release|Any CPU
		{1370667C-04FC-4EE7-B2DE-84C16F68A6F2}.Release|x86.ActiveCfg = Release|Any CPU
		{1370667C-04FC-4EE7-B2DE-84C16F68A6F2}.Release|x86.Build.0 = Release|Any CPU
		{E4E854DF-7BAD-46BD-8DE3-8DFBBA13F3E3}.Debug|Any CPU.ActiveCfg = Debug|Any CPU
		{E4E854DF-7BAD-46BD-8DE3-8DFBBA13F3E3}.Debug|Any CPU.Build.0 = Debug|Any CPU
		{E4E854DF-7BAD-46BD-8DE3-8DFBBA13F3E3}.Debug|x64.ActiveCfg = Debug|Any CPU
		{E4E854DF-7BAD-46BD-8DE3-8DFBBA13F3E3}.Debug|x64.Build.0 = Debug|Any CPU
		{E4E854DF-7BAD-46BD-8DE3-8DFBBA13F3E3}.Debug|x86.ActiveCfg = Debug|Any CPU
		{E4E854DF-7BAD-46BD-8DE3-8DFBBA13F3E3}.Debug|x86.Build.0 = Debug|Any CPU
		{E4E854DF-7BAD-46BD-8DE3-8DFBBA13F3E3}.Release|Any CPU.ActiveCfg = Release|Any CPU
		{E4E854DF-7BAD-46BD-8DE3-8DFBBA13F3E3}.Release|Any CPU.Build.0 = Release|Any CPU
		{E4E854DF-7BAD-46BD-8DE3-8DFBBA13F3E3}.Release|x64.ActiveCfg = Release|Any CPU
		{E4E854DF-7BAD-46BD-8DE3-8DFBBA13F3E3}.Release|x64.Build.0 = Release|Any CPU
		{E4E854DF-7BAD-46BD-8DE3-8DFBBA13F3E3}.Release|x86.ActiveCfg = Release|Any CPU
		{E4E854DF-7BAD-46BD-8DE3-8DFBBA13F3E3}.Release|x86.Build.0 = Release|Any CPU
	EndGlobalSection
	GlobalSection(SolutionProperties) = preSolution
		HideSolutionNode = FALSE
	EndGlobalSection
	GlobalSection(ExtensibilityGlobals) = postSolution
		SolutionGuid = {9A39D3C4-6748-45B3-818B-CB0B8A58754D}
	EndGlobalSection
EndGlobal
